{
    "_readme": [
        "This file locks the dependencies of your project to a known state",
        "Read more about it at https://getcomposer.org/doc/01-basic-usage.md#installing-dependencies",
        "This file is @generated automatically"
    ],
    "content-hash": "353b7d474e8d27a85c1cf9aeee0d4752",
    "packages": [
        {
            "name": "xpaw/steamid",
            "version": "2.0.0",
            "source": {
                "type": "git",
                "url": "https://github.com/xPaw/SteamID.php.git",
                "reference": "11303c1646b0b47b72398bae845aca5d75a8848b"
            },
            "dist": {
                "type": "zip",
                "url": "https://api.github.com/repos/xPaw/SteamID.php/zipball/11303c1646b0b47b72398bae845aca5d75a8848b",
                "reference": "11303c1646b0b47b72398bae845aca5d75a8848b",
                "shasum": ""
            },
            "require": {
                "ext-gmp": "*",
                "php": ">=7.3"
            },
            "require-dev": {
                "phpunit/phpunit": "^8.3"
            },
            "type": "library",
            "autoload": {
                "files": [
                    "SteamID.php"
                ]
            },
            "notification-url": "https://packagist.org/downloads/",
            "license": [
                "MIT"
            ],
            "authors": [
                {
                    "name": "Pavel Djundik",
                    "email": "steamid.php@xpaw.me"
                }
            ],
            "description": "SteamID conversion library",
            "funding": [
                {
                    "url": "https://github.com/xPaw",
                    "type": "github"
                }
            ],
            "time": "2021-01-01T14:19:03+00:00"
        }
    ],
    "packages-dev": [],
    "aliases": [],
    "minimum-stability": "stable",
    "stability-flags": [],
    "prefer-stable": false,
    "prefer-lowest": false,
    "platform": [],
    "platform-dev": [],
    "plugin-api-version": "1.1.0"
}
